// !$*UTF8*$!
{
	archiveVersion = 1;
	classes = {
	};
	objectVersion = 51;
	objects = {

/* Begin PBXBuildFile section */
		1850756E25766BCD00AD4E18 /* CryptoInformationsController.swift in Sources */ = {isa = PBXBuildFile; fileRef = 1850756D25766BCD00AD4E18 /* CryptoInformationsController.swift */; };
		1855A8D3257107E500C508EC /* AppDelegate.swift in Sources */ = {isa = PBXBuildFile; fileRef = 1855A8D2257107E500C508EC /* AppDelegate.swift */; };
		1855A8D5257107E500C508EC /* SceneDelegate.swift in Sources */ = {isa = PBXBuildFile; fileRef = 1855A8D4257107E500C508EC /* SceneDelegate.swift */; };
		1855A8DA257107E500C508EC /* Main.storyboard in Resources */ = {isa = PBXBuildFile; fileRef = 1855A8D8257107E500C508EC /* Main.storyboard */; };
		1855A8DC257107E700C508EC /* Assets.xcassets in Resources */ = {isa = PBXBuildFile; fileRef = 1855A8DB257107E700C508EC /* Assets.xcassets */; };
		1855A8EA257107E700C508EC /* IOSBasicPTests.swift in Sources */ = {isa = PBXBuildFile; fileRef = 1855A8E9257107E700C508EC /* IOSBasicPTests.swift */; };
		1855A8F5257107E700C508EC /* IOSBasicUITests.swift in Sources */ = {isa = PBXBuildFile; fileRef = 1855A8F4257107E700C508EC /* IOSBasicUITests.swift */; };
		1855A90625710DA300C508EC /* ProfileViewController.swift in Sources */ = {isa = PBXBuildFile; fileRef = 1855A90525710DA300C508EC /* ProfileViewController.swift */; };
		186742492574378200263972 /* JSONParser.swift in Sources */ = {isa = PBXBuildFile; fileRef = 186742482574378200263972 /* JSONParser.swift */; };
		1867424B257437C400263972 /* MoneyViewController.swift in Sources */ = {isa = PBXBuildFile; fileRef = 1867424A257437C400263972 /* MoneyViewController.swift */; };
		1867424F257438F600263972 /* prices.json in Resources */ = {isa = PBXBuildFile; fileRef = 1867424E257438F600263972 /* prices.json */; };
		186D29BC257D436300512EA9 /* Localizable.strings in Resources */ = {isa = PBXBuildFile; fileRef = 186D29BE257D436300512EA9 /* Localizable.strings */; };
		186D29C1257D43BD00512EA9 /* LocalizeLanguages.swift in Sources */ = {isa = PBXBuildFile; fileRef = 186D29C0257D43BD00512EA9 /* LocalizeLanguages.swift */; };
		186D29C3257D46B000512EA9 /* TabBarViewController.swift in Sources */ = {isa = PBXBuildFile; fileRef = 186D29C2257D46B000512EA9 /* TabBarViewController.swift */; };
		1874A85B258E16C700922074 /* CalculatorPresenter.swift in Sources */ = {isa = PBXBuildFile; fileRef = 1874A85A258E16C700922074 /* CalculatorPresenter.swift */; };
		1874A869258E950B00922074 /* CalculatorViewController.swift in Sources */ = {isa = PBXBuildFile; fileRef = 1874A868258E950B00922074 /* CalculatorViewController.swift */; };
		187B3F4D25978651008D729B /* WalletViewController.swift in Sources */ = {isa = PBXBuildFile; fileRef = 187B3F4C25978651008D729B /* WalletViewController.swift */; };
		187CCFBD258CB4520069B077 /* CryptocurrencyInformationsPresenter.swift in Sources */ = {isa = PBXBuildFile; fileRef = 187CCFBC258CB4520069B077 /* CryptocurrencyInformationsPresenter.swift */; };
		1886D483258A1C00005C7CB0 /* ChangeLanguageViewController.swift in Sources */ = {isa = PBXBuildFile; fileRef = 1886D482258A1C00005C7CB0 /* ChangeLanguageViewController.swift */; };
		1889014F2594D3B900C074C7 /* Charts.framework in Frameworks */ = {isa = PBXBuildFile; fileRef = 1889014E2594D3B900C074C7 /* Charts.framework */; };
		188901512594D3BC00C074C7 /* Pods_IOSBasic.framework in Frameworks */ = {isa = PBXBuildFile; fileRef = 188901502594D3BC00C074C7 /* Pods_IOSBasic.framework */; };
		188BEA9D258B7EF0003211D9 /* ProfilePresenter.swift in Sources */ = {isa = PBXBuildFile; fileRef = 188BEA9C258B7EF0003211D9 /* ProfilePresenter.swift */; };
		188BEAA5258B8D4D003211D9 /* JSONParserStructurel.swift in Sources */ = {isa = PBXBuildFile; fileRef = 188BEAA4258B8D4D003211D9 /* JSONParserStructurel.swift */; };
		188BEAA7258B9892003211D9 /* ParametersPresenter.swift in Sources */ = {isa = PBXBuildFile; fileRef = 188BEAA6258B9892003211D9 /* ParametersPresenter.swift */; };
		188BEAA9258B9ED6003211D9 /* MoneyPresenter.swift in Sources */ = {isa = PBXBuildFile; fileRef = 188BEAA8258B9ED6003211D9 /* MoneyPresenter.swift */; };
		188BEAAB258BA0BE003211D9 /* ChangeLanguagePresenter.swift in Sources */ = {isa = PBXBuildFile; fileRef = 188BEAAA258BA0BE003211D9 /* ChangeLanguagePresenter.swift */; };
		18B17CDD25914D3800CA86AF /* DeviseController.swift in Sources */ = {isa = PBXBuildFile; fileRef = 18B17CDC25914D3800CA86AF /* DeviseController.swift */; };
		18E593E7258E9733002F9783 /* ParametersViewController.swift in Sources */ = {isa = PBXBuildFile; fileRef = 18E593E6258E9733002F9783 /* ParametersViewController.swift */; };
		18EAABE0258CC5D300B95974 /* TabBarPresenter.swift in Sources */ = {isa = PBXBuildFile; fileRef = 18EAABDF258CC5D300B95974 /* TabBarPresenter.swift */; };
		18F645AA258F5AF800026A42 /* CachingData.swift in Sources */ = {isa = PBXBuildFile; fileRef = 18F645A9258F5AF800026A42 /* CachingData.swift */; };
		D4368F5FE0197FBBE36D4966 /* Pods_IOSBasic_IOSBasicUITests.framework in Frameworks */ = {isa = PBXBuildFile; fileRef = 8C0D9E1CCD9E25EB693E79E0 /* Pods_IOSBasic_IOSBasicUITests.framework */; };
		EAA8608B530D18304687FA46 /* Pods_IOSBasicTests.framework in Frameworks */ = {isa = PBXBuildFile; fileRef = 6ECA31498716F60CEE68E386 /* Pods_IOSBasicTests.framework */; };
/* End PBXBuildFile section */

/* Begin PBXContainerItemProxy section */
		1855A8E6257107E700C508EC /* PBXContainerItemProxy */ = {
			isa = PBXContainerItemProxy;
			containerPortal = 1855A8C7257107E500C508EC /* Project object */;
			proxyType = 1;
			remoteGlobalIDString = 1855A8CE257107E500C508EC;
			remoteInfo = IOSBasicProject;
		};
		1855A8F1257107E700C508EC /* PBXContainerItemProxy */ = {
			isa = PBXContainerItemProxy;
			containerPortal = 1855A8C7257107E500C508EC /* Project object */;
			proxyType = 1;
			remoteGlobalIDString = 1855A8CE257107E500C508EC;
			remoteInfo = IOSBasicProject;
		};
/* End PBXContainerItemProxy section */

/* Begin PBXFileReference section */
		1850756D25766BCD00AD4E18 /* CryptoInformationsController.swift */ = {isa = PBXFileReference; lastKnownFileType = sourcecode.swift; path = CryptoInformationsController.swift; sourceTree = "<group>"; };
		1855A8CF257107E500C508EC /* IOSBasic.app */ = {isa = PBXFileReference; explicitFileType = wrapper.application; includeInIndex = 0; path = IOSBasic.app; sourceTree = BUILT_PRODUCTS_DIR; };
		1855A8D2257107E500C508EC /* AppDelegate.swift */ = {isa = PBXFileReference; lastKnownFileType = sourcecode.swift; path = AppDelegate.swift; sourceTree = "<group>"; };
		1855A8D4257107E500C508EC /* SceneDelegate.swift */ = {isa = PBXFileReference; lastKnownFileType = sourcecode.swift; path = SceneDelegate.swift; sourceTree = "<group>"; };
		1855A8D9257107E500C508EC /* Base */ = {isa = PBXFileReference; lastKnownFileType = file.storyboard; name = Base; path = Base.lproj/Main.storyboard; sourceTree = "<group>"; };
		1855A8DB257107E700C508EC /* Assets.xcassets */ = {isa = PBXFileReference; lastKnownFileType = folder.assetcatalog; path = Assets.xcassets; sourceTree = "<group>"; };
		1855A8E0257107E700C508EC /* Info.plist */ = {isa = PBXFileReference; lastKnownFileType = text.plist.xml; path = Info.plist; sourceTree = "<group>"; };
		1855A8E5257107E700C508EC /* IOSBasicTests.xctest */ = {isa = PBXFileReference; explicitFileType = wrapper.cfbundle; includeInIndex = 0; path = IOSBasicTests.xctest; sourceTree = BUILT_PRODUCTS_DIR; };
		1855A8E9257107E700C508EC /* IOSBasicPTests.swift */ = {isa = PBXFileReference; lastKnownFileType = sourcecode.swift; path = IOSBasicPTests.swift; sourceTree = "<group>"; };
		1855A8EB257107E700C508EC /* Info.plist */ = {isa = PBXFileReference; lastKnownFileType = text.plist.xml; path = Info.plist; sourceTree = "<group>"; };
		1855A8F0257107E700C508EC /* IOSBasicUITests.xctest */ = {isa = PBXFileReference; explicitFileType = wrapper.cfbundle; includeInIndex = 0; path = IOSBasicUITests.xctest; sourceTree = BUILT_PRODUCTS_DIR; };
		1855A8F4257107E700C508EC /* IOSBasicUITests.swift */ = {isa = PBXFileReference; lastKnownFileType = sourcecode.swift; path = IOSBasicUITests.swift; sourceTree = "<group>"; };
		1855A8F6257107E700C508EC /* Info.plist */ = {isa = PBXFileReference; lastKnownFileType = text.plist.xml; path = Info.plist; sourceTree = "<group>"; };
		1855A90525710DA300C508EC /* ProfileViewController.swift */ = {isa = PBXFileReference; lastKnownFileType = sourcecode.swift; path = ProfileViewController.swift; sourceTree = "<group>"; };
		186742482574378200263972 /* JSONParser.swift */ = {isa = PBXFileReference; lastKnownFileType = sourcecode.swift; path = JSONParser.swift; sourceTree = "<group>"; };
		1867424A257437C400263972 /* MoneyViewController.swift */ = {isa = PBXFileReference; lastKnownFileType = sourcecode.swift; path = MoneyViewController.swift; sourceTree = "<group>"; };
		1867424E257438F600263972 /* prices.json */ = {isa = PBXFileReference; lastKnownFileType = text.json; path = prices.json; sourceTree = "<group>"; };
		186D29BD257D436300512EA9 /* en */ = {isa = PBXFileReference; lastKnownFileType = text.plist.strings; name = en; path = en.lproj/Localizable.strings; sourceTree = "<group>"; };
		186D29BF257D436900512EA9 /* fr */ = {isa = PBXFileReference; lastKnownFileType = text.plist.strings; name = fr; path = fr.lproj/Localizable.strings; sourceTree = "<group>"; };
		186D29C0257D43BD00512EA9 /* LocalizeLanguages.swift */ = {isa = PBXFileReference; lastKnownFileType = sourcecode.swift; path = LocalizeLanguages.swift; sourceTree = "<group>"; };
		186D29C2257D46B000512EA9 /* TabBarViewController.swift */ = {isa = PBXFileReference; lastKnownFileType = sourcecode.swift; path = TabBarViewController.swift; sourceTree = "<group>"; };
		1874A85A258E16C700922074 /* CalculatorPresenter.swift */ = {isa = PBXFileReference; lastKnownFileType = sourcecode.swift; path = CalculatorPresenter.swift; sourceTree = "<group>"; };
		1874A868258E950B00922074 /* CalculatorViewController.swift */ = {isa = PBXFileReference; lastKnownFileType = sourcecode.swift; path = CalculatorViewController.swift; sourceTree = "<group>"; };
		187B3F4C25978651008D729B /* WalletViewController.swift */ = {isa = PBXFileReference; lastKnownFileType = sourcecode.swift; path = WalletViewController.swift; sourceTree = "<group>"; };
		187CCFBC258CB4520069B077 /* CryptocurrencyInformationsPresenter.swift */ = {isa = PBXFileReference; lastKnownFileType = sourcecode.swift; path = CryptocurrencyInformationsPresenter.swift; sourceTree = "<group>"; };
		1886D482258A1C00005C7CB0 /* ChangeLanguageViewController.swift */ = {isa = PBXFileReference; lastKnownFileType = sourcecode.swift; path = ChangeLanguageViewController.swift; sourceTree = "<group>"; };
		1889014E2594D3B900C074C7 /* Charts.framework */ = {isa = PBXFileReference; explicitFileType = wrapper.framework; path = Charts.framework; sourceTree = BUILT_PRODUCTS_DIR; };
		188901502594D3BC00C074C7 /* Pods_IOSBasic.framework */ = {isa = PBXFileReference; explicitFileType = wrapper.framework; path = Pods_IOSBasic.framework; sourceTree = BUILT_PRODUCTS_DIR; };
		188BEA98258B6FAF003211D9 /* nl */ = {isa = PBXFileReference; lastKnownFileType = text.plist.strings; name = nl; path = nl.lproj/Localizable.strings; sourceTree = "<group>"; };
		188BEA9C258B7EF0003211D9 /* ProfilePresenter.swift */ = {isa = PBXFileReference; lastKnownFileType = sourcecode.swift; path = ProfilePresenter.swift; sourceTree = "<group>"; };
		188BEAA4258B8D4D003211D9 /* JSONParserStructurel.swift */ = {isa = PBXFileReference; lastKnownFileType = sourcecode.swift; path = JSONParserStructurel.swift; sourceTree = "<group>"; };
		188BEAA6258B9892003211D9 /* ParametersPresenter.swift */ = {isa = PBXFileReference; lastKnownFileType = sourcecode.swift; path = ParametersPresenter.swift; sourceTree = "<group>"; };
		188BEAA8258B9ED6003211D9 /* MoneyPresenter.swift */ = {isa = PBXFileReference; lastKnownFileType = sourcecode.swift; path = MoneyPresenter.swift; sourceTree = "<group>"; };
		188BEAAA258BA0BE003211D9 /* ChangeLanguagePresenter.swift */ = {isa = PBXFileReference; lastKnownFileType = sourcecode.swift; path = ChangeLanguagePresenter.swift; sourceTree = "<group>"; };
		18B17CDC25914D3800CA86AF /* DeviseController.swift */ = {isa = PBXFileReference; lastKnownFileType = sourcecode.swift; path = DeviseController.swift; sourceTree = "<group>"; };
		18E593E6258E9733002F9783 /* ParametersViewController.swift */ = {isa = PBXFileReference; fileEncoding = 4; lastKnownFileType = sourcecode.swift; name = ParametersViewController.swift; path = Application/ParametersViewController.swift; sourceTree = SOURCE_ROOT; };
		18EAABDF258CC5D300B95974 /* TabBarPresenter.swift */ = {isa = PBXFileReference; lastKnownFileType = sourcecode.swift; path = TabBarPresenter.swift; sourceTree = "<group>"; };
		18F645A9258F5AF800026A42 /* CachingData.swift */ = {isa = PBXFileReference; lastKnownFileType = sourcecode.swift; path = CachingData.swift; sourceTree = "<group>"; };
		314E9F06DBDA624C530ED72D /* Pods-IOSBasic.debug.xcconfig */ = {isa = PBXFileReference; includeInIndex = 1; lastKnownFileType = text.xcconfig; name = "Pods-IOSBasic.debug.xcconfig"; path = "Target Support Files/Pods-IOSBasic/Pods-IOSBasic.debug.xcconfig"; sourceTree = "<group>"; };
		41175CF6B5DB54F051B48F8B /* Pods-IOSBasic-IOSBasicUITests.debug.xcconfig */ = {isa = PBXFileReference; includeInIndex = 1; lastKnownFileType = text.xcconfig; name = "Pods-IOSBasic-IOSBasicUITests.debug.xcconfig"; path = "Target Support Files/Pods-IOSBasic-IOSBasicUITests/Pods-IOSBasic-IOSBasicUITests.debug.xcconfig"; sourceTree = "<group>"; };
		570BBA26CF59CADA51223A30 /* Pods-IOSBasic-IOSBasicUITests.release.xcconfig */ = {isa = PBXFileReference; includeInIndex = 1; lastKnownFileType = text.xcconfig; name = "Pods-IOSBasic-IOSBasicUITests.release.xcconfig"; path = "Target Support Files/Pods-IOSBasic-IOSBasicUITests/Pods-IOSBasic-IOSBasicUITests.release.xcconfig"; sourceTree = "<group>"; };
		5E5754E9B6DEDA7245130B46 /* Pods-IOSBasicTests.release.xcconfig */ = {isa = PBXFileReference; includeInIndex = 1; lastKnownFileType = text.xcconfig; name = "Pods-IOSBasicTests.release.xcconfig"; path = "Target Support Files/Pods-IOSBasicTests/Pods-IOSBasicTests.release.xcconfig"; sourceTree = "<group>"; };
		66B13C6D3FB1BCEB3DAD4162 /* Pods_IOSBasic.framework */ = {isa = PBXFileReference; explicitFileType = wrapper.framework; includeInIndex = 0; path = Pods_IOSBasic.framework; sourceTree = BUILT_PRODUCTS_DIR; };
		6ECA31498716F60CEE68E386 /* Pods_IOSBasicTests.framework */ = {isa = PBXFileReference; explicitFileType = wrapper.framework; includeInIndex = 0; path = Pods_IOSBasicTests.framework; sourceTree = BUILT_PRODUCTS_DIR; };
		7B24532BCF4024F965DA3043 /* Pods-IOSBasicTests.debug.xcconfig */ = {isa = PBXFileReference; includeInIndex = 1; lastKnownFileType = text.xcconfig; name = "Pods-IOSBasicTests.debug.xcconfig"; path = "Target Support Files/Pods-IOSBasicTests/Pods-IOSBasicTests.debug.xcconfig"; sourceTree = "<group>"; };
		8C0D9E1CCD9E25EB693E79E0 /* Pods_IOSBasic_IOSBasicUITests.framework */ = {isa = PBXFileReference; explicitFileType = wrapper.framework; includeInIndex = 0; path = Pods_IOSBasic_IOSBasicUITests.framework; sourceTree = BUILT_PRODUCTS_DIR; };
		AEEEA67C59D18062270DA2B2 /* Pods-IOSBasic.release.xcconfig */ = {isa = PBXFileReference; includeInIndex = 1; lastKnownFileType = text.xcconfig; name = "Pods-IOSBasic.release.xcconfig"; path = "Target Support Files/Pods-IOSBasic/Pods-IOSBasic.release.xcconfig"; sourceTree = "<group>"; };
/* End PBXFileReference section */

/* Begin PBXFrameworksBuildPhase section */
		1855A8CC257107E500C508EC /* Frameworks */ = {
			isa = PBXFrameworksBuildPhase;
			buildActionMask = 2147483647;
			files = (
				188901512594D3BC00C074C7 /* Pods_IOSBasic.framework in Frameworks */,
				1889014F2594D3B900C074C7 /* Charts.framework in Frameworks */,
			);
			runOnlyForDeploymentPostprocessing = 0;
		};
		1855A8E2257107E700C508EC /* Frameworks */ = {
			isa = PBXFrameworksBuildPhase;
			buildActionMask = 2147483647;
			files = (
				EAA8608B530D18304687FA46 /* Pods_IOSBasicTests.framework in Frameworks */,
			);
			runOnlyForDeploymentPostprocessing = 0;
		};
		1855A8ED257107E700C508EC /* Frameworks */ = {
			isa = PBXFrameworksBuildPhase;
			buildActionMask = 2147483647;
			files = (
				D4368F5FE0197FBBE36D4966 /* Pods_IOSBasic_IOSBasicUITests.framework in Frameworks */,
			);
			runOnlyForDeploymentPostprocessing = 0;
		};
/* End PBXFrameworksBuildPhase section */

/* Begin PBXGroup section */
		1855A8C6257107E500C508EC = {
			isa = PBXGroup;
			children = (
				1855A8D1257107E500C508EC /* Application */,
				1855A8E8257107E700C508EC /* ProjectTests */,
				1855A8F3257107E700C508EC /* ProjectUITests */,
				1855A8D0257107E500C508EC /* Products */,
				B733CB1D2ECF52D5A3F000D2 /* Pods */,
				7EA2F325B65009B298957A08 /* Frameworks */,
			);
			sourceTree = "<group>";
		};
		1855A8D0257107E500C508EC /* Products */ = {
			isa = PBXGroup;
			children = (
				1855A8CF257107E500C508EC /* IOSBasic.app */,
				1855A8E5257107E700C508EC /* IOSBasicTests.xctest */,
				1855A8F0257107E700C508EC /* IOSBasicUITests.xctest */,
			);
			name = Products;
			sourceTree = "<group>";
		};
		1855A8D1257107E500C508EC /* Application */ = {
			isa = PBXGroup;
			children = (
				1855A8D2257107E500C508EC /* AppDelegate.swift */,
				1855A8D4257107E500C508EC /* SceneDelegate.swift */,
				188BEA9A258B74C7003211D9 /* Storyboard */,
				1867424E257438F600263972 /* prices.json */,
				18DC5219258A7D4A0051C2E7 /* Models */,
				1855A8DB257107E700C508EC /* Assets.xcassets */,
				186D29C0257D43BD00512EA9 /* LocalizeLanguages.swift */,
				1855A8E0257107E700C508EC /* Info.plist */,
				188BEA99258B738C003211D9 /* Views */,
				188BEA9B258B7EC0003211D9 /* Presenters */,
				186D29BE257D436300512EA9 /* Localizable.strings */,
			);
			path = Application;
			sourceTree = "<group>";
		};
		1855A8E8257107E700C508EC /* ProjectTests */ = {
			isa = PBXGroup;
			children = (
				1855A8E9257107E700C508EC /* IOSBasicPTests.swift */,
				1855A8EB257107E700C508EC /* Info.plist */,
			);
			path = ProjectTests;
			sourceTree = "<group>";
		};
		1855A8F3257107E700C508EC /* ProjectUITests */ = {
			isa = PBXGroup;
			children = (
				1855A8F4257107E700C508EC /* IOSBasicUITests.swift */,
				1855A8F6257107E700C508EC /* Info.plist */,
			);
			path = ProjectUITests;
			sourceTree = "<group>";
		};
		188BEA99258B738C003211D9 /* Views */ = {
			isa = PBXGroup;
			children = (
				1886D482258A1C00005C7CB0 /* ChangeLanguageViewController.swift */,
				1850756D25766BCD00AD4E18 /* CryptoInformationsController.swift */,
				1867424A257437C400263972 /* MoneyViewController.swift */,
				187B3F4C25978651008D729B /* WalletViewController.swift */,
				18E593E6258E9733002F9783 /* ParametersViewController.swift */,
				1855A90525710DA300C508EC /* ProfileViewController.swift */,
				186D29C2257D46B000512EA9 /* TabBarViewController.swift */,
				1874A868258E950B00922074 /* CalculatorViewController.swift */,
				18B17CDC25914D3800CA86AF /* DeviseController.swift */,
			);
			path = Views;
			sourceTree = "<group>";
		};
		188BEA9A258B74C7003211D9 /* Storyboard */ = {
			isa = PBXGroup;
			children = (
				1855A8D8257107E500C508EC /* Main.storyboard */,
			);
			path = Storyboard;
			sourceTree = "<group>";
		};
		188BEA9B258B7EC0003211D9 /* Presenters */ = {
			isa = PBXGroup;
			children = (
				188BEAAA258BA0BE003211D9 /* ChangeLanguagePresenter.swift */,
				187CCFBC258CB4520069B077 /* CryptocurrencyInformationsPresenter.swift */,
				188BEAA8258B9ED6003211D9 /* MoneyPresenter.swift */,
				188BEAA6258B9892003211D9 /* ParametersPresenter.swift */,
				188BEA9C258B7EF0003211D9 /* ProfilePresenter.swift */,
				18EAABDF258CC5D300B95974 /* TabBarPresenter.swift */,
				1874A85A258E16C700922074 /* CalculatorPresenter.swift */,
			);
			path = Presenters;
			sourceTree = "<group>";
		};
		18DC5219258A7D4A0051C2E7 /* Models */ = {
			isa = PBXGroup;
			children = (
				188BEAA4258B8D4D003211D9 /* JSONParserStructurel.swift */,
				186742482574378200263972 /* JSONParser.swift */,
				18F645A9258F5AF800026A42 /* CachingData.swift */,
			);
			path = Models;
			sourceTree = "<group>";
		};
		7EA2F325B65009B298957A08 /* Frameworks */ = {
			isa = PBXGroup;
			children = (
				188901502594D3BC00C074C7 /* Pods_IOSBasic.framework */,
				1889014E2594D3B900C074C7 /* Charts.framework */,
				66B13C6D3FB1BCEB3DAD4162 /* Pods_IOSBasic.framework */,
				8C0D9E1CCD9E25EB693E79E0 /* Pods_IOSBasic_IOSBasicUITests.framework */,
				6ECA31498716F60CEE68E386 /* Pods_IOSBasicTests.framework */,
			);
			name = Frameworks;
			sourceTree = "<group>";
		};
		B733CB1D2ECF52D5A3F000D2 /* Pods */ = {
			isa = PBXGroup;
			children = (
				314E9F06DBDA624C530ED72D /* Pods-IOSBasic.debug.xcconfig */,
				AEEEA67C59D18062270DA2B2 /* Pods-IOSBasic.release.xcconfig */,
				41175CF6B5DB54F051B48F8B /* Pods-IOSBasic-IOSBasicUITests.debug.xcconfig */,
				570BBA26CF59CADA51223A30 /* Pods-IOSBasic-IOSBasicUITests.release.xcconfig */,
				7B24532BCF4024F965DA3043 /* Pods-IOSBasicTests.debug.xcconfig */,
				5E5754E9B6DEDA7245130B46 /* Pods-IOSBasicTests.release.xcconfig */,
			);
			path = Pods;
			sourceTree = "<group>";
		};
/* End PBXGroup section */

/* Begin PBXNativeTarget section */
		1855A8CE257107E500C508EC /* IOSBasic */ = {
			isa = PBXNativeTarget;
			buildConfigurationList = 1855A8F9257107E700C508EC /* Build configuration list for PBXNativeTarget "IOSBasic" */;
			buildPhases = (
				59A55A539F16584382A012A4 /* [CP] Check Pods Manifest.lock */,
				1855A8CB257107E500C508EC /* Sources */,
				1855A8CC257107E500C508EC /* Frameworks */,
				1855A8CD257107E500C508EC /* Resources */,
				C1C742B3E8CEA856594427B6 /* [CP] Embed Pods Frameworks */,
			);
			buildRules = (
			);
			dependencies = (
			);
			name = IOSBasic;
			productName = IOSBasicProject;
			productReference = 1855A8CF257107E500C508EC /* IOSBasic.app */;
			productType = "com.apple.product-type.application";
		};
		1855A8E4257107E700C508EC /* IOSBasicTests */ = {
			isa = PBXNativeTarget;
			buildConfigurationList = 1855A8FC257107E700C508EC /* Build configuration list for PBXNativeTarget "IOSBasicTests" */;
			buildPhases = (
				B6CA6332E6E7C01CBD8CFBD2 /* [CP] Check Pods Manifest.lock */,
				1855A8E1257107E700C508EC /* Sources */,
				1855A8E2257107E700C508EC /* Frameworks */,
				1855A8E3257107E700C508EC /* Resources */,
			);
			buildRules = (
			);
			dependencies = (
				1855A8E7257107E700C508EC /* PBXTargetDependency */,
			);
			name = IOSBasicTests;
			productName = IOSBasicProjectTests;
			productReference = 1855A8E5257107E700C508EC /* IOSBasicTests.xctest */;
			productType = "com.apple.product-type.bundle.unit-test";
		};
		1855A8EF257107E700C508EC /* IOSBasicUITests */ = {
			isa = PBXNativeTarget;
			buildConfigurationList = 1855A8FF257107E700C508EC /* Build configuration list for PBXNativeTarget "IOSBasicUITests" */;
			buildPhases = (
				AD6BA53BBB410A3D7BD7E937 /* [CP] Check Pods Manifest.lock */,
				1855A8EC257107E700C508EC /* Sources */,
				1855A8ED257107E700C508EC /* Frameworks */,
				1855A8EE257107E700C508EC /* Resources */,
				0A4CD0973D6EA2473BC8A564 /* [CP] Embed Pods Frameworks */,
			);
			buildRules = (
			);
			dependencies = (
				1855A8F2257107E700C508EC /* PBXTargetDependency */,
			);
			name = IOSBasicUITests;
			productName = IOSBasicProjectUITests;
			productReference = 1855A8F0257107E700C508EC /* IOSBasicUITests.xctest */;
			productType = "com.apple.product-type.bundle.ui-testing";
		};
/* End PBXNativeTarget section */

/* Begin PBXProject section */
		1855A8C7257107E500C508EC /* Project object */ = {
			isa = PBXProject;
			attributes = {
				LastSwiftUpdateCheck = 1220;
				LastUpgradeCheck = 1230;
				TargetAttributes = {
					1855A8CE257107E500C508EC = {
						CreatedOnToolsVersion = 12.2;
					};
					1855A8E4257107E700C508EC = {
						CreatedOnToolsVersion = 12.2;
						TestTargetID = 1855A8CE257107E500C508EC;
					};
					1855A8EF257107E700C508EC = {
						CreatedOnToolsVersion = 12.2;
					};
				};
			};
			buildConfigurationList = 1855A8CA257107E500C508EC /* Build configuration list for PBXProject "IOSBasic" */;
			compatibilityVersion = "Xcode 9.3";
			developmentRegion = en;
			hasScannedForEncodings = 0;
			knownRegions = (
				en,
				Base,
				fr,
				nl,
			);
			mainGroup = 1855A8C6257107E500C508EC;
			productRefGroup = 1855A8D0257107E500C508EC /* Products */;
			projectDirPath = "";
			projectRoot = "";
			targets = (
				1855A8CE257107E500C508EC /* IOSBasic */,
				1855A8E4257107E700C508EC /* IOSBasicTests */,
				1855A8EF257107E700C508EC /* IOSBasicUITests */,
			);
		};
/* End PBXProject section */

/* Begin PBXResourcesBuildPhase section */
		1855A8CD257107E500C508EC /* Resources */ = {
			isa = PBXResourcesBuildPhase;
			buildActionMask = 2147483647;
			files = (
				186D29BC257D436300512EA9 /* Localizable.strings in Resources */,
				1867424F257438F600263972 /* prices.json in Resources */,
				1855A8DC257107E700C508EC /* Assets.xcassets in Resources */,
				1855A8DA257107E500C508EC /* Main.storyboard in Resources */,
			);
			runOnlyForDeploymentPostprocessing = 0;
		};
		1855A8E3257107E700C508EC /* Resources */ = {
			isa = PBXResourcesBuildPhase;
			buildActionMask = 2147483647;
			files = (
			);
			runOnlyForDeploymentPostprocessing = 0;
		};
		1855A8EE257107E700C508EC /* Resources */ = {
			isa = PBXResourcesBuildPhase;
			buildActionMask = 2147483647;
			files = (
			);
			runOnlyForDeploymentPostprocessing = 0;
		};
/* End PBXResourcesBuildPhase section */

/* Begin PBXShellScriptBuildPhase section */
		0A4CD0973D6EA2473BC8A564 /* [CP] Embed Pods Frameworks */ = {
			isa = PBXShellScriptBuildPhase;
			buildActionMask = 2147483647;
			files = (
			);
			inputFileListPaths = (
				"${PODS_ROOT}/Target Support Files/Pods-IOSBasic-IOSBasicUITests/Pods-IOSBasic-IOSBasicUITests-frameworks-${CONFIGURATION}-input-files.xcfilelist",
			);
			name = "[CP] Embed Pods Frameworks";
			outputFileListPaths = (
				"${PODS_ROOT}/Target Support Files/Pods-IOSBasic-IOSBasicUITests/Pods-IOSBasic-IOSBasicUITests-frameworks-${CONFIGURATION}-output-files.xcfilelist",
			);
			runOnlyForDeploymentPostprocessing = 0;
			shellPath = /bin/sh;
			shellScript = "\"${PODS_ROOT}/Target Support Files/Pods-IOSBasic-IOSBasicUITests/Pods-IOSBasic-IOSBasicUITests-frameworks.sh\"\n";
			showEnvVarsInLog = 0;
		};
		59A55A539F16584382A012A4 /* [CP] Check Pods Manifest.lock */ = {
			isa = PBXShellScriptBuildPhase;
			buildActionMask = 2147483647;
			files = (
			);
			inputFileListPaths = (
			);
			inputPaths = (
				"${PODS_PODFILE_DIR_PATH}/Podfile.lock",
				"${PODS_ROOT}/Manifest.lock",
			);
			name = "[CP] Check Pods Manifest.lock";
			outputFileListPaths = (
			);
			outputPaths = (
				"$(DERIVED_FILE_DIR)/Pods-IOSBasic-checkManifestLockResult.txt",
			);
			runOnlyForDeploymentPostprocessing = 0;
			shellPath = /bin/sh;
			shellScript = "diff \"${PODS_PODFILE_DIR_PATH}/Podfile.lock\" \"${PODS_ROOT}/Manifest.lock\" > /dev/null\nif [ $? != 0 ] ; then\n    # print error to STDERR\n    echo \"error: The sandbox is not in sync with the Podfile.lock. Run 'pod install' or update your CocoaPods installation.\" >&2\n    exit 1\nfi\n# This output is used by Xcode 'outputs' to avoid re-running this script phase.\necho \"SUCCESS\" > \"${SCRIPT_OUTPUT_FILE_0}\"\n";
			showEnvVarsInLog = 0;
		};
		AD6BA53BBB410A3D7BD7E937 /* [CP] Check Pods Manifest.lock */ = {
			isa = PBXShellScriptBuildPhase;
			buildActionMask = 2147483647;
			files = (
			);
			inputFileListPaths = (
			);
			inputPaths = (
				"${PODS_PODFILE_DIR_PATH}/Podfile.lock",
				"${PODS_ROOT}/Manifest.lock",
			);
			name = "[CP] Check Pods Manifest.lock";
			outputFileListPaths = (
			);
			outputPaths = (
				"$(DERIVED_FILE_DIR)/Pods-IOSBasic-IOSBasicUITests-checkManifestLockResult.txt",
			);
			runOnlyForDeploymentPostprocessing = 0;
			shellPath = /bin/sh;
			shellScript = "diff \"${PODS_PODFILE_DIR_PATH}/Podfile.lock\" \"${PODS_ROOT}/Manifest.lock\" > /dev/null\nif [ $? != 0 ] ; then\n    # print error to STDERR\n    echo \"error: The sandbox is not in sync with the Podfile.lock. Run 'pod install' or update your CocoaPods installation.\" >&2\n    exit 1\nfi\n# This output is used by Xcode 'outputs' to avoid re-running this script phase.\necho \"SUCCESS\" > \"${SCRIPT_OUTPUT_FILE_0}\"\n";
			showEnvVarsInLog = 0;
		};
		B6CA6332E6E7C01CBD8CFBD2 /* [CP] Check Pods Manifest.lock */ = {
			isa = PBXShellScriptBuildPhase;
			buildActionMask = 2147483647;
			files = (
			);
			inputFileListPaths = (
			);
			inputPaths = (
				"${PODS_PODFILE_DIR_PATH}/Podfile.lock",
				"${PODS_ROOT}/Manifest.lock",
			);
			name = "[CP] Check Pods Manifest.lock";
			outputFileListPaths = (
			);
			outputPaths = (
				"$(DERIVED_FILE_DIR)/Pods-IOSBasicTests-checkManifestLockResult.txt",
			);
			runOnlyForDeploymentPostprocessing = 0;
			shellPath = /bin/sh;
			shellScript = "diff \"${PODS_PODFILE_DIR_PATH}/Podfile.lock\" \"${PODS_ROOT}/Manifest.lock\" > /dev/null\nif [ $? != 0 ] ; then\n    # print error to STDERR\n    echo \"error: The sandbox is not in sync with the Podfile.lock. Run 'pod install' or update your CocoaPods installation.\" >&2\n    exit 1\nfi\n# This output is used by Xcode 'outputs' to avoid re-running this script phase.\necho \"SUCCESS\" > \"${SCRIPT_OUTPUT_FILE_0}\"\n";
			showEnvVarsInLog = 0;
		};
		C1C742B3E8CEA856594427B6 /* [CP] Embed Pods Frameworks */ = {
			isa = PBXShellScriptBuildPhase;
			buildActionMask = 2147483647;
			files = (
			);
			inputFileListPaths = (
				"${PODS_ROOT}/Target Support Files/Pods-IOSBasic/Pods-IOSBasic-frameworks-${CONFIGURATION}-input-files.xcfilelist",
			);
			name = "[CP] Embed Pods Frameworks";
			outputFileListPaths = (
				"${PODS_ROOT}/Target Support Files/Pods-IOSBasic/Pods-IOSBasic-frameworks-${CONFIGURATION}-output-files.xcfilelist",
			);
			runOnlyForDeploymentPostprocessing = 0;
			shellPath = /bin/sh;
			shellScript = "\"${PODS_ROOT}/Target Support Files/Pods-IOSBasic/Pods-IOSBasic-frameworks.sh\"\n";
			showEnvVarsInLog = 0;
		};
/* End PBXShellScriptBuildPhase section */

/* Begin PBXSourcesBuildPhase section */
		1855A8CB257107E500C508EC /* Sources */ = {
			isa = PBXSourcesBuildPhase;
			buildActionMask = 2147483647;
			files = (
				186D29C1257D43BD00512EA9 /* LocalizeLanguages.swift in Sources */,
				1855A8D3257107E500C508EC /* AppDelegate.swift in Sources */,
				18EAABE0258CC5D300B95974 /* TabBarPresenter.swift in Sources */,
				188BEAA7258B9892003211D9 /* ParametersPresenter.swift in Sources */,
				1886D483258A1C00005C7CB0 /* ChangeLanguageViewController.swift in Sources */,
				186742492574378200263972 /* JSONParser.swift in Sources */,
				188BEA9D258B7EF0003211D9 /* ProfilePresenter.swift in Sources */,
				188BEAAB258BA0BE003211D9 /* ChangeLanguagePresenter.swift in Sources */,
				1874A85B258E16C700922074 /* CalculatorPresenter.swift in Sources */,
				188BEAA9258B9ED6003211D9 /* MoneyPresenter.swift in Sources */,
				1855A90625710DA300C508EC /* ProfileViewController.swift in Sources */,
				1867424B257437C400263972 /* MoneyViewController.swift in Sources */,
				187B3F4D25978651008D729B /* WalletViewController.swift in Sources */,
				18E593E7258E9733002F9783 /* ParametersViewController.swift in Sources */,
				18B17CDD25914D3800CA86AF /* DeviseController.swift in Sources */,
				1855A8D5257107E500C508EC /* SceneDelegate.swift in Sources */,
				186D29C3257D46B000512EA9 /* TabBarViewController.swift in Sources */,
				188BEAA5258B8D4D003211D9 /* JSONParserStructurel.swift in Sources */,
				18F645AA258F5AF800026A42 /* CachingData.swift in Sources */,
				1850756E25766BCD00AD4E18 /* CryptoInformationsController.swift in Sources */,
				1874A869258E950B00922074 /* CalculatorViewController.swift in Sources */,
				187CCFBD258CB4520069B077 /* CryptocurrencyInformationsPresenter.swift in Sources */,
			);
			runOnlyForDeploymentPostprocessing = 0;
		};
		1855A8E1257107E700C508EC /* Sources */ = {
			isa = PBXSourcesBuildPhase;
			buildActionMask = 2147483647;
			files = (
				1855A8EA257107E700C508EC /* IOSBasicPTests.swift in Sources */,
			);
			runOnlyForDeploymentPostprocessing = 0;
		};
		1855A8EC257107E700C508EC /* Sources */ = {
			isa = PBXSourcesBuildPhase;
			buildActionMask = 2147483647;
			files = (
				1855A8F5257107E700C508EC /* IOSBasicUITests.swift in Sources */,
			);
			runOnlyForDeploymentPostprocessing = 0;
		};
/* End PBXSourcesBuildPhase section */

/* Begin PBXTargetDependency section */
		1855A8E7257107E700C508EC /* PBXTargetDependency */ = {
			isa = PBXTargetDependency;
			target = 1855A8CE257107E500C508EC /* IOSBasic */;
			targetProxy = 1855A8E6257107E700C508EC /* PBXContainerItemProxy */;
		};
		1855A8F2257107E700C508EC /* PBXTargetDependency */ = {
			isa = PBXTargetDependency;
			target = 1855A8CE257107E500C508EC /* IOSBasic */;
			targetProxy = 1855A8F1257107E700C508EC /* PBXContainerItemProxy */;
		};
/* End PBXTargetDependency section */

/* Begin PBXVariantGroup section */
		1855A8D8257107E500C508EC /* Main.storyboard */ = {
			isa = PBXVariantGroup;
			children = (
				1855A8D9257107E500C508EC /* Base */,
			);
			name = Main.storyboard;
			sourceTree = "<group>";
		};
		186D29BE257D436300512EA9 /* Localizable.strings */ = {
			isa = PBXVariantGroup;
			children = (
				186D29BD257D436300512EA9 /* en */,
				186D29BF257D436900512EA9 /* fr */,
				188BEA98258B6FAF003211D9 /* nl */,
			);
			name = Localizable.strings;
			sourceTree = "<group>";
		};
/* End PBXVariantGroup section */

/* Begin XCBuildConfiguration section */
		1855A8F7257107E700C508EC /* Debug */ = {
			isa = XCBuildConfiguration;
			buildSettings = {
				ALWAYS_SEARCH_USER_PATHS = NO;
				CLANG_ANALYZER_LOCALIZABILITY_NONLOCALIZED = YES;
				CLANG_ANALYZER_NONNULL = YES;
				CLANG_ANALYZER_NUMBER_OBJECT_CONVERSION = YES_AGGRESSIVE;
				CLANG_CXX_LANGUAGE_STANDARD = "gnu++14";
				CLANG_CXX_LIBRARY = "libc++";
				CLANG_ENABLE_MODULES = YES;
				CLANG_ENABLE_OBJC_ARC = YES;
				CLANG_ENABLE_OBJC_WEAK = YES;
				CLANG_WARN_BLOCK_CAPTURE_AUTORELEASING = YES;
				CLANG_WARN_BOOL_CONVERSION = YES;
				CLANG_WARN_COMMA = YES;
				CLANG_WARN_CONSTANT_CONVERSION = YES;
				CLANG_WARN_DEPRECATED_OBJC_IMPLEMENTATIONS = YES;
				CLANG_WARN_DIRECT_OBJC_ISA_USAGE = YES_ERROR;
				CLANG_WARN_DOCUMENTATION_COMMENTS = YES;
				CLANG_WARN_EMPTY_BODY = YES;
				CLANG_WARN_ENUM_CONVERSION = YES;
				CLANG_WARN_INFINITE_RECURSION = YES;
				CLANG_WARN_INT_CONVERSION = YES;
				CLANG_WARN_NON_LITERAL_NULL_CONVERSION = YES;
				CLANG_WARN_OBJC_IMPLICIT_RETAIN_SELF = YES;
				CLANG_WARN_OBJC_LITERAL_CONVERSION = YES;
				CLANG_WARN_OBJC_ROOT_CLASS = YES_ERROR;
				CLANG_WARN_QUOTED_INCLUDE_IN_FRAMEWORK_HEADER = YES;
				CLANG_WARN_RANGE_LOOP_ANALYSIS = YES;
				CLANG_WARN_STRICT_PROTOTYPES = YES;
				CLANG_WARN_SUSPICIOUS_MOVE = YES;
				CLANG_WARN_UNGUARDED_AVAILABILITY = YES_AGGRESSIVE;
				CLANG_WARN_UNREACHABLE_CODE = YES;
				CLANG_WARN__DUPLICATE_METHOD_MATCH = YES;
				COPY_PHASE_STRIP = NO;
				DEBUG_INFORMATION_FORMAT = dwarf;
				ENABLE_STRICT_OBJC_MSGSEND = YES;
				ENABLE_TESTABILITY = YES;
				GCC_C_LANGUAGE_STANDARD = gnu11;
				GCC_DYNAMIC_NO_PIC = NO;
				GCC_NO_COMMON_BLOCKS = YES;
				GCC_OPTIMIZATION_LEVEL = 0;
				GCC_PREPROCESSOR_DEFINITIONS = (
					"DEBUG=1",
					"$(inherited)",
				);
				GCC_WARN_64_TO_32_BIT_CONVERSION = YES;
				GCC_WARN_ABOUT_RETURN_TYPE = YES_ERROR;
				GCC_WARN_UNDECLARED_SELECTOR = YES;
				GCC_WARN_UNINITIALIZED_AUTOS = YES_AGGRESSIVE;
				GCC_WARN_UNUSED_FUNCTION = YES;
				GCC_WARN_UNUSED_VARIABLE = YES;
				IPHONEOS_DEPLOYMENT_TARGET = 14.2;
				MTL_ENABLE_DEBUG_INFO = INCLUDE_SOURCE;
				MTL_FAST_MATH = YES;
				ONLY_ACTIVE_ARCH = YES;
				SDKROOT = iphoneos;
				SWIFT_ACTIVE_COMPILATION_CONDITIONS = DEBUG;
				SWIFT_OPTIMIZATION_LEVEL = "-Onone";
			};
			name = Debug;
		};
		1855A8F8257107E700C508EC /* Release */ = {
			isa = XCBuildConfiguration;
			buildSettings = {
				ALWAYS_SEARCH_USER_PATHS = NO;
				CLANG_ANALYZER_LOCALIZABILITY_NONLOCALIZED = YES;
				CLANG_ANALYZER_NONNULL = YES;
				CLANG_ANALYZER_NUMBER_OBJECT_CONVERSION = YES_AGGRESSIVE;
				CLANG_CXX_LANGUAGE_STANDARD = "gnu++14";
				CLANG_CXX_LIBRARY = "libc++";
				CLANG_ENABLE_MODULES = YES;
				CLANG_ENABLE_OBJC_ARC = YES;
				CLANG_ENABLE_OBJC_WEAK = YES;
				CLANG_WARN_BLOCK_CAPTURE_AUTORELEASING = YES;
				CLANG_WARN_BOOL_CONVERSION = YES;
				CLANG_WARN_COMMA = YES;
				CLANG_WARN_CONSTANT_CONVERSION = YES;
				CLANG_WARN_DEPRECATED_OBJC_IMPLEMENTATIONS = YES;
				CLANG_WARN_DIRECT_OBJC_ISA_USAGE = YES_ERROR;
				CLANG_WARN_DOCUMENTATION_COMMENTS = YES;
				CLANG_WARN_EMPTY_BODY = YES;
				CLANG_WARN_ENUM_CONVERSION = YES;
				CLANG_WARN_INFINITE_RECURSION = YES;
				CLANG_WARN_INT_CONVERSION = YES;
				CLANG_WARN_NON_LITERAL_NULL_CONVERSION = YES;
				CLANG_WARN_OBJC_IMPLICIT_RETAIN_SELF = YES;
				CLANG_WARN_OBJC_LITERAL_CONVERSION = YES;
				CLANG_WARN_OBJC_ROOT_CLASS = YES_ERROR;
				CLANG_WARN_QUOTED_INCLUDE_IN_FRAMEWORK_HEADER = YES;
				CLANG_WARN_RANGE_LOOP_ANALYSIS = YES;
				CLANG_WARN_STRICT_PROTOTYPES = YES;
				CLANG_WARN_SUSPICIOUS_MOVE = YES;
				CLANG_WARN_UNGUARDED_AVAILABILITY = YES_AGGRESSIVE;
				CLANG_WARN_UNREACHABLE_CODE = YES;
				CLANG_WARN__DUPLICATE_METHOD_MATCH = YES;
				COPY_PHASE_STRIP = NO;
				DEBUG_INFORMATION_FORMAT = "dwarf-with-dsym";
				ENABLE_NS_ASSERTIONS = NO;
				ENABLE_STRICT_OBJC_MSGSEND = YES;
				GCC_C_LANGUAGE_STANDARD = gnu11;
				GCC_NO_COMMON_BLOCKS = YES;
				GCC_WARN_64_TO_32_BIT_CONVERSION = YES;
				GCC_WARN_ABOUT_RETURN_TYPE = YES_ERROR;
				GCC_WARN_UNDECLARED_SELECTOR = YES;
				GCC_WARN_UNINITIALIZED_AUTOS = YES_AGGRESSIVE;
				GCC_WARN_UNUSED_FUNCTION = YES;
				GCC_WARN_UNUSED_VARIABLE = YES;
				IPHONEOS_DEPLOYMENT_TARGET = 14.2;
				MTL_ENABLE_DEBUG_INFO = NO;
				MTL_FAST_MATH = YES;
				SDKROOT = iphoneos;
				SWIFT_COMPILATION_MODE = wholemodule;
				SWIFT_OPTIMIZATION_LEVEL = "-O";
				VALIDATE_PRODUCT = YES;
			};
			name = Release;
		};
		1855A8FA257107E700C508EC /* Debug */ = {
			isa = XCBuildConfiguration;
			baseConfigurationReference = 314E9F06DBDA624C530ED72D /* Pods-IOSBasic.debug.xcconfig */;
			buildSettings = {
				ASSETCATALOG_COMPILER_APPICON_NAME = AppIcon;
				ASSETCATALOG_COMPILER_GLOBAL_ACCENT_COLOR_NAME = AccentColor;
				CODE_SIGN_STYLE = Automatic;
				DEVELOPMENT_TEAM = FTHAC7S6RW;
				INFOPLIST_FILE = "$(SRCROOT)/Application/Info.plist";
				LD_RUNPATH_SEARCH_PATHS = (
					"$(inherited)",
					"@executable_path/Frameworks",
				);
				PRODUCT_BUNDLE_IDENTIFIER = project.IOSBasic;
				PRODUCT_NAME = "$(TARGET_NAME)";
				SWIFT_VERSION = 5.0;
				TARGETED_DEVICE_FAMILY = "1,2";
			};
			name = Debug;
		};
		1855A8FB257107E700C508EC /* Release */ = {
			isa = XCBuildConfiguration;
			baseConfigurationReference = AEEEA67C59D18062270DA2B2 /* Pods-IOSBasic.release.xcconfig */;
			buildSettings = {
				ASSETCATALOG_COMPILER_APPICON_NAME = AppIcon;
				ASSETCATALOG_COMPILER_GLOBAL_ACCENT_COLOR_NAME = AccentColor;
				CODE_SIGN_STYLE = Automatic;
				DEVELOPMENT_TEAM = FTHAC7S6RW;
				INFOPLIST_FILE = "$(SRCROOT)/Application/Info.plist";
				LD_RUNPATH_SEARCH_PATHS = (
					"$(inherited)",
					"@executable_path/Frameworks",
				);
				PRODUCT_BUNDLE_IDENTIFIER = project.IOSBasic;
				PRODUCT_NAME = "$(TARGET_NAME)";
				SWIFT_VERSION = 5.0;
				TARGETED_DEVICE_FAMILY = "1,2";
			};
			name = Release;
		};
		1855A8FD257107E700C508EC /* Debug */ = {
			isa = XCBuildConfiguration;
			baseConfigurationReference = 7B24532BCF4024F965DA3043 /* Pods-IOSBasicTests.debug.xcconfig */;
			buildSettings = {
				ALWAYS_EMBED_SWIFT_STANDARD_LIBRARIES = YES;
				BUNDLE_LOADER = "$(TEST_HOST)";
				CODE_SIGN_STYLE = Automatic;
				DEVELOPMENT_TEAM = FTHAC7S6RW;
				INFOPLIST_FILE = ProjectTests/Info.plist;
				"INFOPLIST_FILE[sdk=*]" = ProjectTests/Info.plist;
				IPHONEOS_DEPLOYMENT_TARGET = 14.2;
				LD_RUNPATH_SEARCH_PATHS = (
					"$(inherited)",
					"@executable_path/Frameworks",
					"@loader_path/Frameworks",
				);
				PRODUCT_BUNDLE_IDENTIFIER = project.IOSBasicProjectTests;
				PRODUCT_NAME = "$(TARGET_NAME)";
				SWIFT_VERSION = 5.0;
				TARGETED_DEVICE_FAMILY = "1,2";
				TEST_HOST = "$(BUILT_PRODUCTS_DIR)/IOSBasic.app/IOSBasic";
			};
			name = Debug;
		};
		1855A8FE257107E700C508EC /* Release */ = {
			isa = XCBuildConfiguration;
			baseConfigurationReference = 5E5754E9B6DEDA7245130B46 /* Pods-IOSBasicTests.release.xcconfig */;
			buildSettings = {
				ALWAYS_EMBED_SWIFT_STANDARD_LIBRARIES = YES;
				BUNDLE_LOADER = "$(TEST_HOST)";
				CODE_SIGN_STYLE = Automatic;
				DEVELOPMENT_TEAM = FTHAC7S6RW;
				INFOPLIST_FILE = ProjectTests/Info.plist;
				"INFOPLIST_FILE[sdk=*]" = ProjectTests/Info.plist;
				IPHONEOS_DEPLOYMENT_TARGET = 14.2;
				LD_RUNPATH_SEARCH_PATHS = (
					"$(inherited)",
					"@executable_path/Frameworks",
					"@loader_path/Frameworks",
				);
				PRODUCT_BUNDLE_IDENTIFIER = project.IOSBasicProjectTests;
				PRODUCT_NAME = "$(TARGET_NAME)";
				SWIFT_VERSION = 5.0;
				TARGETED_DEVICE_FAMILY = "1,2";
				TEST_HOST = "$(BUILT_PRODUCTS_DIR)/IOSBasic.app/IOSBasic";
			};
			name = Release;
		};
		1855A900257107E700C508EC /* Debug */ = {
			isa = XCBuildConfiguration;
			baseConfigurationReference = 41175CF6B5DB54F051B48F8B /* Pods-IOSBasic-IOSBasicUITests.debug.xcconfig */;
			buildSettings = {
				ALWAYS_EMBED_SWIFT_STANDARD_LIBRARIES = YES;
				CODE_SIGN_STYLE = Automatic;
				DEVELOPMENT_TEAM = FTHAC7S6RW;
				INFOPLIST_FILE = ProjectUITests/Info.plist;
				"INFOPLIST_FILE[sdk=*]" = ProjectUITests/Info.plist;
				LD_RUNPATH_SEARCH_PATHS = (
					"$(inherited)",
					"@executable_path/Frameworks",
					"@loader_path/Frameworks",
				);
				PRODUCT_BUNDLE_IDENTIFIER = project.IOSBasictUITests;
				PRODUCT_NAME = "$(TARGET_NAME)";
				PROVISIONING_PROFILE = "";
				SWIFT_VERSION = 5.0;
				TARGETED_DEVICE_FAMILY = "1,2";
			};
			name = Debug;
		};
		1855A901257107E700C508EC /* Release */ = {
			isa = XCBuildConfiguration;
			baseConfigurationReference = 570BBA26CF59CADA51223A30 /* Pods-IOSBasic-IOSBasicUITests.release.xcconfig */;
			buildSettings = {
				ALWAYS_EMBED_SWIFT_STANDARD_LIBRARIES = YES;
				CODE_SIGN_STYLE = Automatic;
				DEVELOPMENT_TEAM = FTHAC7S6RW;
				INFOPLIST_FILE = ProjectUITests/Info.plist;
				"INFOPLIST_FILE[sdk=*]" = ProjectUITests/Info.plist;
				LD_RUNPATH_SEARCH_PATHS = (
					"$(inherited)",
					"@executable_path/Frameworks",
					"@loader_path/Frameworks",
				);
				PRODUCT_BUNDLE_IDENTIFIER = project.IOSBasictUITests;
				PRODUCT_NAME = "$(TARGET_NAME)";
				PROVISIONING_PROFILE = "";
				SWIFT_VERSION = 5.0;
				TARGETED_DEVICE_FAMILY = "1,2";
			};
			name = Release;
		};
/* End XCBuildConfiguration section */

/* Begin XCConfigurationList section */
		1855A8CA257107E500C508EC /* Build configuration list for PBXProject "IOSBasic" */ = {
			isa = XCConfigurationList;
			buildConfigurations = (
				1855A8F7257107E700C508EC /* Debug */,
				1855A8F8257107E700C508EC /* Release */,
			);
			defaultConfigurationIsVisible = 0;
			defaultConfigurationName = Release;
		};
		1855A8F9257107E700C508EC /* Build configuration list for PBXNativeTarget "IOSBasic" */ = {
			isa = XCConfigurationList;
			buildConfigurations = (
				1855A8FA257107E700C508EC /* Debug */,
				1855A8FB257107E700C508EC /* Release */,
			);
			defaultConfigurationIsVisible = 0;
			defaultConfigurationName = Release;
		};
		1855A8FC257107E700C508EC /* Build configuration list for PBXNativeTarget "IOSBasicTests" */ = {
			isa = XCConfigurationList;
			buildConfigurations = (
				1855A8FD257107E700C508EC /* Debug */,
				1855A8FE257107E700C508EC /* Release */,
			);
			defaultConfigurationIsVisible = 0;
			defaultConfigurationName = Release;
		};
		1855A8FF257107E700C508EC /* Build configuration list for PBXNativeTarget "IOSBasicUITests" */ = {
			isa = XCConfigurationList;
			buildConfigurations = (
				1855A900257107E700C508EC /* Debug */,
				1855A901257107E700C508EC /* Release */,
			);
			defaultConfigurationIsVisible = 0;
			defaultConfigurationName = Release;
		};
/* End XCConfigurationList section */
	};
	rootObject = 1855A8C7257107E500C508EC /* Project object */;
}
